
Microsoft Visual Studio Solution File, Format Version 12.00
# Visual Studio Version 17
VisualStudioVersion = 17.5.33627.172
MinimumVisualStudioVersion = 10.0.40219.1
Project("{FAE04EC0-301F-11D3-BF4B-00C04F79EFBC}") = "DOTR", "DOTR.csproj", "{8BFB7459-459F-4AE4-846E-FDD9CF353744}"
EndProject
Global
	GlobalSection(SolutionConfigurationPlatforms) = preSolution
		Debug|Any CPU = Debug|Any CPU
		Release|Any CPU = Release|Any CPU
	EndGlobalSection
	GlobalSection(ProjectConfigurationPlatforms) = postSolution
		{8BFB7459-459F-4AE4-846E-FDD9CF353744}.Debug|Any CPU.ActiveCfg = Debug|Any CPU
		{8BFB7459-459F-4AE4-846E-FDD9CF353744}.Debug|Any CPU.Build.0 = Debug|Any CPU
		{8BFB7459-459F-4AE4-846E-FDD9CF353744}.Release|Any CPU.ActiveCfg = Release|Any CPU
		{8BFB7459-459F-4AE4-846E-FDD9CF353744}.Release|Any CPU.Build.0 = Release|Any CPU
	EndGlobalSection
	GlobalSection(SolutionProperties) = preSolution
		HideSolutionNode = FALSE
	EndGlobalSection
	GlobalSection(ExtensibilityGlobals) = postSolution
		SolutionGuid = {2B3AE090-BF8B-4226-8215-8AA3D6A5E507}
	EndGlobalSection
EndGlobal
